
Microsoft Visual Studio Solution File, Format Version 12.00
# Visual Studio Version 17
VisualStudioVersion = 17.9.34728.123
MinimumVisualStudioVersion = 10.0.40219.1
Project("{FAE04EC0-301F-11D3-BF4B-00C04F79EFBC}") = "MudBlazorWebApp1", "MudBlazorWebApp1\MudBlazorWebApp1.csproj", "{3B181043-C699-4685-AAD3-72D147F83823}"
EndProject
Global
	GlobalSection(SolutionConfigurationPlatforms) = preSolution
		Debug|Any CPU = Debug|Any CPU
		Release|Any CPU = Release|Any CPU
	EndGlobalSection
	GlobalSection(ProjectConfigurationPlatforms) = postSolution
		{3B181043-C699-4685-AAD3-72D147F83823}.Debug|Any CPU.ActiveCfg = Debug|Any CPU
		{3B181043-C699-4685-AAD3-72D147F83823}.Debug|Any CPU.Build.0 = Debug|Any CPU
		{3B181043-C699-4685-AAD3-72D147F83823}.Release|Any CPU.ActiveCfg = Release|Any CPU
		{3B181043-C699-4685-AAD3-72D147F83823}.Release|Any CPU.Build.0 = Release|Any CPU
	EndGlobalSection
	GlobalSection(SolutionProperties) = preSolution
		HideSolutionNode = FALSE
	EndGlobalSection
	GlobalSection(ExtensibilityGlobals) = postSolution
		SolutionGuid = {0D813514-59D5-44EE-9020-5B265094CDEC}
	EndGlobalSection
EndGlobal
